
Microsoft Visual Studio Solution File, Format Version 12.00
# Visual Studio 2013
Project("{FAE04EC0-301F-11D3-BF4B-00C04F79EFBC}") = "UnityVS.AlienGoHome.CSharp", "UnityVS.AlienGoHome.CSharp.csproj", "{27D64C5C-BBB9-B1C6-7EEA-A1145BC2490C}"
EndProject
Project("{FAE04EC0-301F-11D3-BF4B-00C04F79EFBC}") = "UnityVS.AlienGoHome.CSharp.Editor", "UnityVS.AlienGoHome.CSharp.Editor.csproj", "{2DC0621E-FFAA-AB0D-D434-513535599426}"
EndProject
Global
	GlobalSection(SolutionConfigurationPlatforms) = preSolution
		Debug|Any CPU = Debug|Any CPU
		Release|Any CPU = Release|Any CPU
	EndGlobalSection
	GlobalSection(ProjectConfigurationPlatforms) = postSolution
		{27D64C5C-BBB9-B1C6-7EEA-A1145BC2490C}.Debug|Any CPU.ActiveCfg = Debug|Any CPU
		{27D64C5C-BBB9-B1C6-7EEA-A1145BC2490C}.Debug|Any CPU.Build.0 = Debug|Any CPU
		{27D64C5C-BBB9-B1C6-7EEA-A1145BC2490C}.Release|Any CPU.ActiveCfg = Release|Any CPU
		{27D64C5C-BBB9-B1C6-7EEA-A1145BC2490C}.Release|Any CPU.Build.0 = Release|Any CPU
		{2DC0621E-FFAA-AB0D-D434-513535599426}.Debug|Any CPU.ActiveCfg = Debug|Any CPU
		{2DC0621E-FFAA-AB0D-D434-513535599426}.Debug|Any CPU.Build.0 = Debug|Any CPU
		{2DC0621E-FFAA-AB0D-D434-513535599426}.Release|Any CPU.ActiveCfg = Release|Any CPU
		{2DC0621E-FFAA-AB0D-D434-513535599426}.Release|Any CPU.Build.0 = Release|Any CPU
	EndGlobalSection
	GlobalSection(SolutionProperties) = preSolution
		HideSolutionNode = FALSE
	EndGlobalSection
EndGlobal
